
Microsoft Visual Studio Solution File, Format Version 12.00
Project("{FAE04EC0-301F-11D3-BF4B-00C04F79EFBC}") = "CalculatorApp", "CalculatorApp\CalculatorApp.csproj", "{15B93E51-F67F-48FA-A314-68CE52D08FAB}"
EndProject
Project("{FAE04EC0-301F-11D3-BF4B-00C04F79EFBC}") = "CalculatorAppTest", "CalculatorAppTest\CalculatorAppTest.csproj", "{F52D1FE4-CE4F-4AE5-AEF1-4E6BF023852F}"
EndProject
Global
	GlobalSection(SolutionConfigurationPlatforms) = preSolution
		Debug|Any CPU = Debug|Any CPU
		Release|Any CPU = Release|Any CPU
	EndGlobalSection
	GlobalSection(ProjectConfigurationPlatforms) = postSolution
		{15B93E51-F67F-48FA-A314-68CE52D08FAB}.Debug|Any CPU.ActiveCfg = Debug|Any CPU
		{15B93E51-F67F-48FA-A314-68CE52D08FAB}.Debug|Any CPU.Build.0 = Debug|Any CPU
		{15B93E51-F67F-48FA-A314-68CE52D08FAB}.Release|Any CPU.ActiveCfg = Release|Any CPU
		{15B93E51-F67F-48FA-A314-68CE52D08FAB}.Release|Any CPU.Build.0 = Release|Any CPU
		{F52D1FE4-CE4F-4AE5-AEF1-4E6BF023852F}.Debug|Any CPU.ActiveCfg = Debug|Any CPU
		{F52D1FE4-CE4F-4AE5-AEF1-4E6BF023852F}.Debug|Any CPU.Build.0 = Debug|Any CPU
		{F52D1FE4-CE4F-4AE5-AEF1-4E6BF023852F}.Release|Any CPU.ActiveCfg = Release|Any CPU
		{F52D1FE4-CE4F-4AE5-AEF1-4E6BF023852F}.Release|Any CPU.Build.0 = Release|Any CPU
	EndGlobalSection
EndGlobal
